{
  "originHash" : "6c864fbc9998a5d3bbd6fd1bb3df1487ba497d37ff08acd99c5501b693cf72ce",
  "pins" : [
    {
      "identity" : "dacircularprogress",
      "kind" : "remoteSourceControl",
      "location" : "https://github.com/Mobiel-Bekeken/DACircularProgress.git",
      "state" : {
        "revision" : "2e207657acb473779c5f6722653505420c0bab28",
        "version" : "2.3.2"
      }
    },
    {
      "identity" : "sdwebimage",
      "kind" : "remoteSourceControl",
      "location" : "https://github.com/SDWebImage/SDWebImage.git",
      "state" : {
        "revision" : "2de3a496eaf6df9a1312862adcfd54acd73c39c0",
        "version" : "5.21.7"
      }
    }
  ],
  "version" : 3
}
